Microsoft Visual Studio Solution File, Format Version 12.00
# Visual Studio Version 17
VisualStudioVersion = 17.5.2.0
MinimumVisualStudioVersion = 10.0.40219.1
Project("{FAE04EC0-301F-11D3-BF4B-00C04F79EFBC}") = "campuslove_Sheyla_Fabio", "campuslove_Sheyla_Fabio.csproj", "{066F1E69-D4F7-4E47-1F2E-8F7329EF5555}"
EndProject
Global
	GlobalSection(SolutionConfigurationPlatforms) = preSolution
		Debug|Any CPU = Debug|Any CPU
		Release|Any CPU = Release|Any CPU
	EndGlobalSection
	GlobalSection(ProjectConfigurationPlatforms) = postSolution
		{066F1E69-D4F7-4E47-1F2E-8F7329EF5555}.Debug|Any CPU.ActiveCfg = Debug|Any CPU
		{066F1E69-D4F7-4E47-1F2E-8F7329EF5555}.Debug|Any CPU.Build.0 = Debug|Any CPU
		{066F1E69-D4F7-4E47-1F2E-8F7329EF5555}.Release|Any CPU.ActiveCfg = Release|Any CPU
		{066F1E69-D4F7-4E47-1F2E-8F7329EF5555}.Release|Any CPU.Build.0 = Release|Any CPU
	EndGlobalSection
	GlobalSection(SolutionProperties) = preSolution
		HideSolutionNode = FALSE
	EndGlobalSection
	GlobalSection(ExtensibilityGlobals) = postSolution
		SolutionGuid = {78BBCBCF-0D72-436C-A74E-8E927FBD33CC}
	EndGlobalSection
EndGlobal
